
Microsoft Visual Studio Solution File, Format Version 12.00
# Visual Studio 15
VisualStudioVersion = 15.0.27130.2027
MinimumVisualStudioVersion = 10.0.40219.1
Project("{FAE04EC0-301F-11D3-BF4B-00C04F79EFBC}") = "HashCode", "HashCode\HashCode.csproj", "{B1ECDA06-25C6-421C-99D7-A874DBE85872}"
EndProject
Global
	GlobalSection(SolutionConfigurationPlatforms) = preSolution
		Debug|Any CPU = Debug|Any CPU
		Release|Any CPU = Release|Any CPU
	EndGlobalSection
	GlobalSection(ProjectConfigurationPlatforms) = postSolution
		{B1ECDA06-25C6-421C-99D7-A874DBE85872}.Debug|Any CPU.ActiveCfg = Debug|Any CPU
		{B1ECDA06-25C6-421C-99D7-A874DBE85872}.Debug|Any CPU.Build.0 = Debug|Any CPU
		{B1ECDA06-25C6-421C-99D7-A874DBE85872}.Release|Any CPU.ActiveCfg = Release|Any CPU
		{B1ECDA06-25C6-421C-99D7-A874DBE85872}.Release|Any CPU.Build.0 = Release|Any CPU
	EndGlobalSection
	GlobalSection(SolutionProperties) = preSolution
		HideSolutionNode = FALSE
	EndGlobalSection
	GlobalSection(ExtensibilityGlobals) = postSolution
		SolutionGuid = {8A4370E3-BBDB-4822-AAB7-720E43038B48}
	EndGlobalSection
EndGlobal
